// !$*UTF8*$!
{
	archiveVersion = 1;
	classes = {
	};
	objectVersion = 55;
	objects = {

/* Begin PBXBuildFile section */
		65000F3B2811FCE800535B5B /* topClassView.swift in Sources */ = {isa = PBXBuildFile; fileRef = 65000F3A2811FCE800535B5B /* topClassView.swift */; };
		65000F3D2811FD8D00535B5B /* classData.swift in Sources */ = {isa = PBXBuildFile; fileRef = 65000F3C2811FD8D00535B5B /* classData.swift */; };
		65000F3F2812C56800535B5B /* averageView.swift in Sources */ = {isa = PBXBuildFile; fileRef = 65000F3E2812C56800535B5B /* averageView.swift */; };
		6503521C2809F70C00EED2AF /* homeTabsView.swift in Sources */ = {isa = PBXBuildFile; fileRef = 6503521B2809F70C00EED2AF /* homeTabsView.swift */; };
		6511C21F280C1E2500B3D436 /* StatsView.swift in Sources */ = {isa = PBXBuildFile; fileRef = 6511C21E280C1E2500B3D436 /* StatsView.swift */; };
		6511C221280C1F1A00B3D436 /* titleView.swift in Sources */ = {isa = PBXBuildFile; fileRef = 6511C220280C1F1A00B3D436 /* titleView.swift */; };
		652C740B28118E9100F79989 /* downloads.swift in Sources */ = {isa = PBXBuildFile; fileRef = 652C740A28118E9100F79989 /* downloads.swift */; };
		652C740D281190A900F79989 /* graphView.swift in Sources */ = {isa = PBXBuildFile; fileRef = 652C740C281190A900F79989 /* graphView.swift */; };
		65499BE5280C8B9100E75178 /* Home.swift in Sources */ = {isa = PBXBuildFile; fileRef = 65499BE4280C8B9100E75178 /* Home.swift */; };
		655B7ECF280C717400CB228C /* task.swift in Sources */ = {isa = PBXBuildFile; fileRef = 655B7ECE280C717400CB228C /* task.swift */; };
		655B7ED2280C7D7F00CB228C /* TaskViewModel.swift in Sources */ = {isa = PBXBuildFile; fileRef = 655B7ED1280C7D7F00CB228C /* TaskViewModel.swift */; };
		6567B3842809B14600AC0C1C /* HomeView.swift in Sources */ = {isa = PBXBuildFile; fileRef = 6567B3832809B14600AC0C1C /* HomeView.swift */; };
		6567B3862809B18400AC0C1C /* HeaderView.swift in Sources */ = {isa = PBXBuildFile; fileRef = 6567B3852809B18400AC0C1C /* HeaderView.swift */; };
		6567B3882809C33300AC0C1C /* mainCardView.swift in Sources */ = {isa = PBXBuildFile; fileRef = 6567B3872809C33300AC0C1C /* mainCardView.swift */; };
		6567B38A2809C8E600AC0C1C /* cardClassView.swift in Sources */ = {isa = PBXBuildFile; fileRef = 6567B3892809C8E600AC0C1C /* cardClassView.swift */; };
		656D4C4F281439C70059BBBE /* summaryView.swift in Sources */ = {isa = PBXBuildFile; fileRef = 656D4C4E281439C70059BBBE /* summaryView.swift */; };
		656D4C53281453F30059BBBE /* upcomingClassView.swift in Sources */ = {isa = PBXBuildFile; fileRef = 656D4C52281453F20059BBBE /* upcomingClassView.swift */; };
		656D4C552814684F0059BBBE /* MainView.swift in Sources */ = {isa = PBXBuildFile; fileRef = 656D4C542814684F0059BBBE /* MainView.swift */; };
		656D4C572815512A0059BBBE /* LibraryView.swift in Sources */ = {isa = PBXBuildFile; fileRef = 656D4C562815512A0059BBBE /* LibraryView.swift */; };
		656D4C5B2815993C0059BBBE /* bookingButton.swift in Sources */ = {isa = PBXBuildFile; fileRef = 656D4C5A2815993C0059BBBE /* bookingButton.swift */; };
		656D4C632815E8BC0059BBBE /* videoPreviewView.swift in Sources */ = {isa = PBXBuildFile; fileRef = 656D4C622815E8BC0059BBBE /* videoPreviewView.swift */; };
		65BF52632811753300C1FD2C /* attendanceView.swift in Sources */ = {isa = PBXBuildFile; fileRef = 65BF52622811753300C1FD2C /* attendanceView.swift */; };
		65C073DF28193B950011CD9E /* LoginView.swift in Sources */ = {isa = PBXBuildFile; fileRef = 65C073DE28193B950011CD9E /* LoginView.swift */; };
		65C073E1281953770011CD9E /* SignUpView.swift in Sources */ = {isa = PBXBuildFile; fileRef = 65C073E0281953770011CD9E /* SignUpView.swift */; };
		65C073E32819538E0011CD9E /* loginSignupModel.swift in Sources */ = {isa = PBXBuildFile; fileRef = 65C073E22819538E0011CD9E /* loginSignupModel.swift */; };
		65C530312809A7BA001EAC85 /* CapstoneProjectApp.swift in Sources */ = {isa = PBXBuildFile; fileRef = 65C530302809A7BA001EAC85 /* CapstoneProjectApp.swift */; };
		65C530332809A7BA001EAC85 /* ContentView.swift in Sources */ = {isa = PBXBuildFile; fileRef = 65C530322809A7BA001EAC85 /* ContentView.swift */; };
		65C530352809A7BC001EAC85 /* Assets.xcassets in Resources */ = {isa = PBXBuildFile; fileRef = 65C530342809A7BC001EAC85 /* Assets.xcassets */; };
		65C530382809A7BC001EAC85 /* Preview Assets.xcassets in Resources */ = {isa = PBXBuildFile; fileRef = 65C530372809A7BC001EAC85 /* Preview Assets.xcassets */; };
		65C530422809A7BC001EAC85 /* CapstoneProjectTests.swift in Sources */ = {isa = PBXBuildFile; fileRef = 65C530412809A7BC001EAC85 /* CapstoneProjectTests.swift */; };
		65C5304C2809A7BC001EAC85 /* CapstoneProjectUITests.swift in Sources */ = {isa = PBXBuildFile; fileRef = 65C5304B2809A7BC001EAC85 /* CapstoneProjectUITests.swift */; };
		65CCFD752811B65E003E5A66 /* cardStatsView.swift in Sources */ = {isa = PBXBuildFile; fileRef = 65CCFD742811B65E003E5A66 /* cardStatsView.swift */; };
		65CCFD772811C699003E5A66 /* individualCard.swift in Sources */ = {isa = PBXBuildFile; fileRef = 65CCFD762811C699003E5A66 /* individualCard.swift */; };
		65E305B42812F6D100BDC130 /* personalView.swift in Sources */ = {isa = PBXBuildFile; fileRef = 65E305B32812F6D100BDC130 /* personalView.swift */; };
		65F6635B2816B25600DA4D6E /* videos.swift in Sources */ = {isa = PBXBuildFile; fileRef = 65F6635A2816B25600DA4D6E /* videos.swift */; };
/* End PBXBuildFile section */

/* Begin PBXContainerItemProxy section */
		65C5303E2809A7BC001EAC85 /* PBXContainerItemProxy */ = {
			isa = PBXContainerItemProxy;
			containerPortal = 65C530252809A7BA001EAC85 /* Project object */;
			proxyType = 1;
			remoteGlobalIDString = 65C5302C2809A7BA001EAC85;
			remoteInfo = CapstoneProject;
		};
		65C530482809A7BC001EAC85 /* PBXContainerItemProxy */ = {
			isa = PBXContainerItemProxy;
			containerPortal = 65C530252809A7BA001EAC85 /* Project object */;
			proxyType = 1;
			remoteGlobalIDString = 65C5302C2809A7BA001EAC85;
			remoteInfo = CapstoneProject;
		};
/* End PBXContainerItemProxy section */

/* Begin PBXFileReference section */
		65000F3A2811FCE800535B5B /* topClassView.swift */ = {isa = PBXFileReference; lastKnownFileType = sourcecode.swift; path = topClassView.swift; sourceTree = "<group>"; };
		65000F3C2811FD8D00535B5B /* classData.swift */ = {isa = PBXFileReference; lastKnownFileType = sourcecode.swift; path = classData.swift; sourceTree = "<group>"; };
		65000F3E2812C56800535B5B /* averageView.swift */ = {isa = PBXFileReference; lastKnownFileType = sourcecode.swift; path = averageView.swift; sourceTree = "<group>"; };
		6503521B2809F70C00EED2AF /* homeTabsView.swift */ = {isa = PBXFileReference; lastKnownFileType = sourcecode.swift; path = homeTabsView.swift; sourceTree = "<group>"; };
		6511C21E280C1E2500B3D436 /* StatsView.swift */ = {isa = PBXFileReference; lastKnownFileType = sourcecode.swift; path = StatsView.swift; sourceTree = "<group>"; };
		6511C220280C1F1A00B3D436 /* titleView.swift */ = {isa = PBXFileReference; lastKnownFileType = sourcecode.swift; path = titleView.swift; sourceTree = "<group>"; };
		652C740A28118E9100F79989 /* downloads.swift */ = {isa = PBXFileReference; lastKnownFileType = sourcecode.swift; path = downloads.swift; sourceTree = "<group>"; };
		652C740C281190A900F79989 /* graphView.swift */ = {isa = PBXFileReference; lastKnownFileType = sourcecode.swift; path = graphView.swift; sourceTree = "<group>"; };
		65499BE4280C8B9100E75178 /* Home.swift */ = {isa = PBXFileReference; lastKnownFileType = sourcecode.swift; path = Home.swift; sourceTree = "<group>"; };
		655B7ECE280C717400CB228C /* task.swift */ = {isa = PBXFileReference; lastKnownFileType = sourcecode.swift; path = task.swift; sourceTree = "<group>"; };
		655B7ED1280C7D7F00CB228C /* TaskViewModel.swift */ = {isa = PBXFileReference; lastKnownFileType = sourcecode.swift; path = TaskViewModel.swift; sourceTree = "<group>"; };
		6567B3832809B14600AC0C1C /* HomeView.swift */ = {isa = PBXFileReference; lastKnownFileType = sourcecode.swift; path = HomeView.swift; sourceTree = "<group>"; };
		6567B3852809B18400AC0C1C /* HeaderView.swift */ = {isa = PBXFileReference; lastKnownFileType = sourcecode.swift; path = HeaderView.swift; sourceTree = "<group>"; };
		6567B3872809C33300AC0C1C /* mainCardView.swift */ = {isa = PBXFileReference; lastKnownFileType = sourcecode.swift; path = mainCardView.swift; sourceTree = "<group>"; };
		6567B3892809C8E600AC0C1C /* cardClassView.swift */ = {isa = PBXFileReference; lastKnownFileType = sourcecode.swift; path = cardClassView.swift; sourceTree = "<group>"; };
		656D4C4E281439C70059BBBE /* summaryView.swift */ = {isa = PBXFileReference; lastKnownFileType = sourcecode.swift; path = summaryView.swift; sourceTree = "<group>"; };
		656D4C52281453F20059BBBE /* upcomingClassView.swift */ = {isa = PBXFileReference; lastKnownFileType = sourcecode.swift; path = upcomingClassView.swift; sourceTree = "<group>"; };
		656D4C542814684F0059BBBE /* MainView.swift */ = {isa = PBXFileReference; lastKnownFileType = sourcecode.swift; path = MainView.swift; sourceTree = "<group>"; };
		656D4C562815512A0059BBBE /* LibraryView.swift */ = {isa = PBXFileReference; lastKnownFileType = sourcecode.swift; path = LibraryView.swift; sourceTree = "<group>"; };
		656D4C5A2815993C0059BBBE /* bookingButton.swift */ = {isa = PBXFileReference; lastKnownFileType = sourcecode.swift; path = bookingButton.swift; sourceTree = "<group>"; };
		656D4C622815E8BC0059BBBE /* videoPreviewView.swift */ = {isa = PBXFileReference; lastKnownFileType = sourcecode.swift; path = videoPreviewView.swift; sourceTree = "<group>"; };
		65BF52622811753300C1FD2C /* attendanceView.swift */ = {isa = PBXFileReference; lastKnownFileType = sourcecode.swift; path = attendanceView.swift; sourceTree = "<group>"; };
		65C073DE28193B950011CD9E /* LoginView.swift */ = {isa = PBXFileReference; lastKnownFileType = sourcecode.swift; path = LoginView.swift; sourceTree = "<group>"; };
		65C073E0281953770011CD9E /* SignUpView.swift */ = {isa = PBXFileReference; lastKnownFileType = sourcecode.swift; path = SignUpView.swift; sourceTree = "<group>"; };
		65C073E22819538E0011CD9E /* loginSignupModel.swift */ = {isa = PBXFileReference; lastKnownFileType = sourcecode.swift; path = loginSignupModel.swift; sourceTree = "<group>"; };
		65C5302D2809A7BA001EAC85 /* CapstoneProject.app */ = {isa = PBXFileReference; explicitFileType = wrapper.application; includeInIndex = 0; path = CapstoneProject.app; sourceTree = BUILT_PRODUCTS_DIR; };
		65C530302809A7BA001EAC85 /* CapstoneProjectApp.swift */ = {isa = PBXFileReference; lastKnownFileType = sourcecode.swift; path = CapstoneProjectApp.swift; sourceTree = "<group>"; };
		65C530322809A7BA001EAC85 /* ContentView.swift */ = {isa = PBXFileReference; lastKnownFileType = sourcecode.swift; path = ContentView.swift; sourceTree = "<group>"; };
		65C530342809A7BC001EAC85 /* Assets.xcassets */ = {isa = PBXFileReference; lastKnownFileType = folder.assetcatalog; path = Assets.xcassets; sourceTree = "<group>"; };
		65C530372809A7BC001EAC85 /* Preview Assets.xcassets */ = {isa = PBXFileReference; lastKnownFileType = folder.assetcatalog; path = "Preview Assets.xcassets"; sourceTree = "<group>"; };
		65C5303D2809A7BC001EAC85 /* CapstoneProjectTests.xctest */ = {isa = PBXFileReference; explicitFileType = wrapper.cfbundle; includeInIndex = 0; path = CapstoneProjectTests.xctest; sourceTree = BUILT_PRODUCTS_DIR; };
		65C530412809A7BC001EAC85 /* CapstoneProjectTests.swift */ = {isa = PBXFileReference; lastKnownFileType = sourcecode.swift; path = CapstoneProjectTests.swift; sourceTree = "<group>"; };
		65C530472809A7BC001EAC85 /* CapstoneProjectUITests.xctest */ = {isa = PBXFileReference; explicitFileType = wrapper.cfbundle; includeInIndex = 0; path = CapstoneProjectUITests.xctest; sourceTree = BUILT_PRODUCTS_DIR; };
		65C5304B2809A7BC001EAC85 /* CapstoneProjectUITests.swift */ = {isa = PBXFileReference; lastKnownFileType = sourcecode.swift; path = CapstoneProjectUITests.swift; sourceTree = "<group>"; };
		65CCFD742811B65E003E5A66 /* cardStatsView.swift */ = {isa = PBXFileReference; lastKnownFileType = sourcecode.swift; path = cardStatsView.swift; sourceTree = "<group>"; };
		65CCFD762811C699003E5A66 /* individualCard.swift */ = {isa = PBXFileReference; lastKnownFileType = sourcecode.swift; path = individualCard.swift; sourceTree = "<group>"; };
		65E305B32812F6D100BDC130 /* personalView.swift */ = {isa = PBXFileReference; lastKnownFileType = sourcecode.swift; path = personalView.swift; sourceTree = "<group>"; };
		65F6635A2816B25600DA4D6E /* videos.swift */ = {isa = PBXFileReference; lastKnownFileType = sourcecode.swift; path = videos.swift; sourceTree = "<group>"; };
/* End PBXFileReference section */

/* Begin PBXFrameworksBuildPhase section */
		65C5302A2809A7BA001EAC85 /* Frameworks */ = {
			isa = PBXFrameworksBuildPhase;
			buildActionMask = 2147483647;
			files = (
			);
			runOnlyForDeploymentPostprocessing = 0;
		};
		65C5303A2809A7BC001EAC85 /* Frameworks */ = {
			isa = PBXFrameworksBuildPhase;
			buildActionMask = 2147483647;
			files = (
			);
			runOnlyForDeploymentPostprocessing = 0;
		};
		65C530442809A7BC001EAC85 /* Frameworks */ = {
			isa = PBXFrameworksBuildPhase;
			buildActionMask = 2147483647;
			files = (
			);
			runOnlyForDeploymentPostprocessing = 0;
		};
/* End PBXFrameworksBuildPhase section */

/* Begin PBXGroup section */
		6511C222280C287800B3D436 /* Models */ = {
			isa = PBXGroup;
			children = (
				655B7ECE280C717400CB228C /* task.swift */,
				652C740A28118E9100F79989 /* downloads.swift */,
				65C073E22819538E0011CD9E /* loginSignupModel.swift */,
				65000F3C2811FD8D00535B5B /* classData.swift */,
				65F6635A2816B25600DA4D6E /* videos.swift */,
			);
			path = Models;
			sourceTree = "<group>";
		};
		655B7ED0280C7D2D00CB228C /* ViewModel */ = {
			isa = PBXGroup;
			children = (
				655B7ED1280C7D7F00CB228C /* TaskViewModel.swift */,
			);
			path = ViewModel;
			sourceTree = "<group>";
		};
		6567B3802809AF2100AC0C1C /* Components */ = {
			isa = PBXGroup;
			children = (
				656D4C5E2815A7E20059BBBE /* General */,
				6511C220280C1F1A00B3D436 /* titleView.swift */,
				6567B3852809B18400AC0C1C /* HeaderView.swift */,
				656D4C5C2815A7480059BBBE /* StatsView */,
				65E305B32812F6D100BDC130 /* personalView.swift */,
				65BF52622811753300C1FD2C /* attendanceView.swift */,
				65000F3E2812C56800535B5B /* averageView.swift */,
				65CCFD742811B65E003E5A66 /* cardStatsView.swift */,
				652C740C281190A900F79989 /* graphView.swift */,
				65000F3A2811FCE800535B5B /* topClassView.swift */,
				656D4C5D2815A7C70059BBBE /* Home View */,
				656D4C5A2815993C0059BBBE /* bookingButton.swift */,
				656D4C52281453F20059BBBE /* upcomingClassView.swift */,
				656D4C4E281439C70059BBBE /* summaryView.swift */,
				6567B3872809C33300AC0C1C /* mainCardView.swift */,
				6567B3892809C8E600AC0C1C /* cardClassView.swift */,
				65CCFD762811C699003E5A66 /* individualCard.swift */,
				6503521B2809F70C00EED2AF /* homeTabsView.swift */,
				656D4C5F2815D8E30059BBBE /* New Group */,
			);
			path = Components;
			sourceTree = "<group>";
		};
		656D4C5C2815A7480059BBBE /* StatsView */ = {
			isa = PBXGroup;
			children = (
			);
			path = StatsView;
			sourceTree = "<group>";
		};
		656D4C5D2815A7C70059BBBE /* Home View */ = {
			isa = PBXGroup;
			children = (
			);
			path = "Home View";
			sourceTree = "<group>";
		};
		656D4C5E2815A7E20059BBBE /* General */ = {
			isa = PBXGroup;
			children = (
			);
			path = General;
			sourceTree = "<group>";
		};
		656D4C5F2815D8E30059BBBE /* New Group */ = {
			isa = PBXGroup;
			children = (
				656D4C622815E8BC0059BBBE /* videoPreviewView.swift */,
			);
			path = "New Group";
			sourceTree = "<group>";
		};
		65C530242809A7BA001EAC85 = {
			isa = PBXGroup;
			children = (
				65C5302F2809A7BA001EAC85 /* CapstoneProject */,
				65C530402809A7BC001EAC85 /* CapstoneProjectTests */,
				65C5304A2809A7BC001EAC85 /* CapstoneProjectUITests */,
				65C5302E2809A7BA001EAC85 /* Products */,
			);
			sourceTree = "<group>";
		};
		65C5302E2809A7BA001EAC85 /* Products */ = {
			isa = PBXGroup;
			children = (
				65C5302D2809A7BA001EAC85 /* CapstoneProject.app */,
				65C5303D2809A7BC001EAC85 /* CapstoneProjectTests.xctest */,
				65C530472809A7BC001EAC85 /* CapstoneProjectUITests.xctest */,
			);
			name = Products;
			sourceTree = "<group>";
		};
		65C5302F2809A7BA001EAC85 /* CapstoneProject */ = {
			isa = PBXGroup;
			children = (
				65C530302809A7BA001EAC85 /* CapstoneProjectApp.swift */,
				65C530322809A7BA001EAC85 /* ContentView.swift */,
				655B7ED0280C7D2D00CB228C /* ViewModel */,
				6511C222280C287800B3D436 /* Models */,
				65C530582809A7EE001EAC85 /* View */,
				65C530342809A7BC001EAC85 /* Assets.xcassets */,
				65C530362809A7BC001EAC85 /* Preview Content */,
			);
			path = CapstoneProject;
			sourceTree = "<group>";
		};
		65C530362809A7BC001EAC85 /* Preview Content */ = {
			isa = PBXGroup;
			children = (
				65C530372809A7BC001EAC85 /* Preview Assets.xcassets */,
			);
			path = "Preview Content";
			sourceTree = "<group>";
		};
		65C530402809A7BC001EAC85 /* CapstoneProjectTests */ = {
			isa = PBXGroup;
			children = (
				65C530412809A7BC001EAC85 /* CapstoneProjectTests.swift */,
			);
			path = CapstoneProjectTests;
			sourceTree = "<group>";
		};
		65C5304A2809A7BC001EAC85 /* CapstoneProjectUITests */ = {
			isa = PBXGroup;
			children = (
				65C5304B2809A7BC001EAC85 /* CapstoneProjectUITests.swift */,
			);
			path = CapstoneProjectUITests;
			sourceTree = "<group>";
		};
		65C530582809A7EE001EAC85 /* View */ = {
			isa = PBXGroup;
			children = (
				65C073DE28193B950011CD9E /* LoginView.swift */,
				65C073E0281953770011CD9E /* SignUpView.swift */,
				656D4C542814684F0059BBBE /* MainView.swift */,
				6567B3832809B14600AC0C1C /* HomeView.swift */,
				6511C21E280C1E2500B3D436 /* StatsView.swift */,
				65499BE4280C8B9100E75178 /* Home.swift */,
				656D4C562815512A0059BBBE /* LibraryView.swift */,
				6567B3802809AF2100AC0C1C /* Components */,
			);
			path = View;
			sourceTree = "<group>";
		};
/* End PBXGroup section */

/* Begin PBXNativeTarget section */
		65C5302C2809A7BA001EAC85 /* CapstoneProject */ = {
			isa = PBXNativeTarget;
			buildConfigurationList = 65C5304F2809A7BC001EAC85 /* Build configuration list for PBXNativeTarget "CapstoneProject" */;
			buildPhases = (
				65C530292809A7BA001EAC85 /* Sources */,
				65C5302A2809A7BA001EAC85 /* Frameworks */,
				65C5302B2809A7BA001EAC85 /* Resources */,
			);
			buildRules = (
			);
			dependencies = (
			);
			name = CapstoneProject;
			packageProductDependencies = (
			);
			productName = CapstoneProject;
			productReference = 65C5302D2809A7BA001EAC85 /* CapstoneProject.app */;
			productType = "com.apple.product-type.application";
		};
		65C5303C2809A7BC001EAC85 /* CapstoneProjectTests */ = {
			isa = PBXNativeTarget;
			buildConfigurationList = 65C530522809A7BC001EAC85 /* Build configuration list for PBXNativeTarget "CapstoneProjectTests" */;
			buildPhases = (
				65C530392809A7BC001EAC85 /* Sources */,
				65C5303A2809A7BC001EAC85 /* Frameworks */,
				65C5303B2809A7BC001EAC85 /* Resources */,
			);
			buildRules = (
			);
			dependencies = (
				65C5303F2809A7BC001EAC85 /* PBXTargetDependency */,
			);
			name = CapstoneProjectTests;
			productName = CapstoneProjectTests;
			productReference = 65C5303D2809A7BC001EAC85 /* CapstoneProjectTests.xctest */;
			productType = "com.apple.product-type.bundle.unit-test";
		};
		65C530462809A7BC001EAC85 /* CapstoneProjectUITests */ = {
			isa = PBXNativeTarget;
			buildConfigurationList = 65C530552809A7BC001EAC85 /* Build configuration list for PBXNativeTarget "CapstoneProjectUITests" */;
			buildPhases = (
				65C530432809A7BC001EAC85 /* Sources */,
				65C530442809A7BC001EAC85 /* Frameworks */,
				65C530452809A7BC001EAC85 /* Resources */,
			);
			buildRules = (
			);
			dependencies = (
				65C530492809A7BC001EAC85 /* PBXTargetDependency */,
			);
			name = CapstoneProjectUITests;
			productName = CapstoneProjectUITests;
			productReference = 65C530472809A7BC001EAC85 /* CapstoneProjectUITests.xctest */;
			productType = "com.apple.product-type.bundle.ui-testing";
		};
/* End PBXNativeTarget section */

/* Begin PBXProject section */
		65C530252809A7BA001EAC85 /* Project object */ = {
			isa = PBXProject;
			attributes = {
				BuildIndependentTargetsInParallel = 1;
				LastSwiftUpdateCheck = 1300;
				LastUpgradeCheck = 1300;
				TargetAttributes = {
					65C5302C2809A7BA001EAC85 = {
						CreatedOnToolsVersion = 13.0;
					};
					65C5303C2809A7BC001EAC85 = {
						CreatedOnToolsVersion = 13.0;
						TestTargetID = 65C5302C2809A7BA001EAC85;
					};
					65C530462809A7BC001EAC85 = {
						CreatedOnToolsVersion = 13.0;
						TestTargetID = 65C5302C2809A7BA001EAC85;
					};
				};
			};
			buildConfigurationList = 65C530282809A7BA001EAC85 /* Build configuration list for PBXProject "CapstoneProject" */;
			compatibilityVersion = "Xcode 13.0";
			developmentRegion = en;
			hasScannedForEncodings = 0;
			knownRegions = (
				en,
				Base,
			);
			mainGroup = 65C530242809A7BA001EAC85;
			packageReferences = (
			);
			productRefGroup = 65C5302E2809A7BA001EAC85 /* Products */;
			projectDirPath = "";
			projectRoot = "";
			targets = (
				65C5302C2809A7BA001EAC85 /* CapstoneProject */,
				65C5303C2809A7BC001EAC85 /* CapstoneProjectTests */,
				65C530462809A7BC001EAC85 /* CapstoneProjectUITests */,
			);
		};
/* End PBXProject section */

/* Begin PBXResourcesBuildPhase section */
		65C5302B2809A7BA001EAC85 /* Resources */ = {
			isa = PBXResourcesBuildPhase;
			buildActionMask = 2147483647;
			files = (
				65C530382809A7BC001EAC85 /* Preview Assets.xcassets in Resources */,
				65C530352809A7BC001EAC85 /* Assets.xcassets in Resources */,
			);
			runOnlyForDeploymentPostprocessing = 0;
		};
		65C5303B2809A7BC001EAC85 /* Resources */ = {
			isa = PBXResourcesBuildPhase;
			buildActionMask = 2147483647;
			files = (
			);
			runOnlyForDeploymentPostprocessing = 0;
		};
		65C530452809A7BC001EAC85 /* Resources */ = {
			isa = PBXResourcesBuildPhase;
			buildActionMask = 2147483647;
			files = (
			);
			runOnlyForDeploymentPostprocessing = 0;
		};
/* End PBXResourcesBuildPhase section */

/* Begin PBXSourcesBuildPhase section */
		65C530292809A7BA001EAC85 /* Sources */ = {
			isa = PBXSourcesBuildPhase;
			buildActionMask = 2147483647;
			files = (
				65F6635B2816B25600DA4D6E /* videos.swift in Sources */,
				65E305B42812F6D100BDC130 /* personalView.swift in Sources */,
				656D4C5B2815993C0059BBBE /* bookingButton.swift in Sources */,
				655B7ED2280C7D7F00CB228C /* TaskViewModel.swift in Sources */,
				65CCFD772811C699003E5A66 /* individualCard.swift in Sources */,
				65000F3F2812C56800535B5B /* averageView.swift in Sources */,
				65000F3D2811FD8D00535B5B /* classData.swift in Sources */,
				656D4C53281453F30059BBBE /* upcomingClassView.swift in Sources */,
				6567B3842809B14600AC0C1C /* HomeView.swift in Sources */,
				65CCFD752811B65E003E5A66 /* cardStatsView.swift in Sources */,
				6511C21F280C1E2500B3D436 /* StatsView.swift in Sources */,
				65000F3B2811FCE800535B5B /* topClassView.swift in Sources */,
				656D4C4F281439C70059BBBE /* summaryView.swift in Sources */,
				6567B38A2809C8E600AC0C1C /* cardClassView.swift in Sources */,
				652C740B28118E9100F79989 /* downloads.swift in Sources */,
				656D4C552814684F0059BBBE /* MainView.swift in Sources */,
				65C073E1281953770011CD9E /* SignUpView.swift in Sources */,
				65C073E32819538E0011CD9E /* loginSignupModel.swift in Sources */,
				65C530332809A7BA001EAC85 /* ContentView.swift in Sources */,
				65499BE5280C8B9100E75178 /* Home.swift in Sources */,
				65C073DF28193B950011CD9E /* LoginView.swift in Sources */,
				65C530312809A7BA001EAC85 /* CapstoneProjectApp.swift in Sources */,
				6503521C2809F70C00EED2AF /* homeTabsView.swift in Sources */,
				656D4C572815512A0059BBBE /* LibraryView.swift in Sources */,
				652C740D281190A900F79989 /* graphView.swift in Sources */,
				655B7ECF280C717400CB228C /* task.swift in Sources */,
				65BF52632811753300C1FD2C /* attendanceView.swift in Sources */,
				6511C221280C1F1A00B3D436 /* titleView.swift in Sources */,
				656D4C632815E8BC0059BBBE /* videoPreviewView.swift in Sources */,
				6567B3862809B18400AC0C1C /* HeaderView.swift in Sources */,
				6567B3882809C33300AC0C1C /* mainCardView.swift in Sources */,
			);
			runOnlyForDeploymentPostprocessing = 0;
		};
		65C530392809A7BC001EAC85 /* Sources */ = {
			isa = PBXSourcesBuildPhase;
			buildActionMask = 2147483647;
			files = (
				65C530422809A7BC001EAC85 /* CapstoneProjectTests.swift in Sources */,
			);
			runOnlyForDeploymentPostprocessing = 0;
		};
		65C530432809A7BC001EAC85 /* Sources */ = {
			isa = PBXSourcesBuildPhase;
			buildActionMask = 2147483647;
			files = (
				65C5304C2809A7BC001EAC85 /* CapstoneProjectUITests.swift in Sources */,
			);
			runOnlyForDeploymentPostprocessing = 0;
		};
/* End PBXSourcesBuildPhase section */

/* Begin PBXTargetDependency section */
		65C5303F2809A7BC001EAC85 /* PBXTargetDependency */ = {
			isa = PBXTargetDependency;
			target = 65C5302C2809A7BA001EAC85 /* CapstoneProject */;
			targetProxy = 65C5303E2809A7BC001EAC85 /* PBXContainerItemProxy */;
		};
		65C530492809A7BC001EAC85 /* PBXTargetDependency */ = {
			isa = PBXTargetDependency;
			target = 65C5302C2809A7BA001EAC85 /* CapstoneProject */;
			targetProxy = 65C530482809A7BC001EAC85 /* PBXContainerItemProxy */;
		};
/* End PBXTargetDependency section */

/* Begin XCBuildConfiguration section */
		65C5304D2809A7BC001EAC85 /* Debug */ = {
			isa = XCBuildConfiguration;
			buildSettings = {
				ALWAYS_SEARCH_USER_PATHS = NO;
				CLANG_ANALYZER_NONNULL = YES;
				CLANG_ANALYZER_NUMBER_OBJECT_CONVERSION = YES_AGGRESSIVE;
				CLANG_CXX_LANGUAGE_STANDARD = "gnu++17";
				CLANG_CXX_LIBRARY = "libc++";
				CLANG_ENABLE_MODULES = YES;
				CLANG_ENABLE_OBJC_ARC = YES;
				CLANG_ENABLE_OBJC_WEAK = YES;
				CLANG_WARN_BLOCK_CAPTURE_AUTORELEASING = YES;
				CLANG_WARN_BOOL_CONVERSION = YES;
				CLANG_WARN_COMMA = YES;
				CLANG_WARN_CONSTANT_CONVERSION = YES;
				CLANG_WARN_DEPRECATED_OBJC_IMPLEMENTATIONS = YES;
				CLANG_WARN_DIRECT_OBJC_ISA_USAGE = YES_ERROR;
				CLANG_WARN_DOCUMENTATION_COMMENTS = YES;
				CLANG_WARN_EMPTY_BODY = YES;
				CLANG_WARN_ENUM_CONVERSION = YES;
				CLANG_WARN_INFINITE_RECURSION = YES;
				CLANG_WARN_INT_CONVERSION = YES;
				CLANG_WARN_NON_LITERAL_NULL_CONVERSION = YES;
				CLANG_WARN_OBJC_IMPLICIT_RETAIN_SELF = YES;
				CLANG_WARN_OBJC_LITERAL_CONVERSION = YES;
				CLANG_WARN_OBJC_ROOT_CLASS = YES_ERROR;
				CLANG_WARN_QUOTED_INCLUDE_IN_FRAMEWORK_HEADER = YES;
				CLANG_WARN_RANGE_LOOP_ANALYSIS = YES;
				CLANG_WARN_STRICT_PROTOTYPES = YES;
				CLANG_WARN_SUSPICIOUS_MOVE = YES;
				CLANG_WARN_UNGUARDED_AVAILABILITY = YES_AGGRESSIVE;
				CLANG_WARN_UNREACHABLE_CODE = YES;
				CLANG_WARN__DUPLICATE_METHOD_MATCH = YES;
				COPY_PHASE_STRIP = NO;
				DEBUG_INFORMATION_FORMAT = dwarf;
				ENABLE_STRICT_OBJC_MSGSEND = YES;
				ENABLE_TESTABILITY = YES;
				GCC_C_LANGUAGE_STANDARD = gnu11;
				GCC_DYNAMIC_NO_PIC = NO;
				GCC_NO_COMMON_BLOCKS = YES;
				GCC_OPTIMIZATION_LEVEL = 0;
				GCC_PREPROCESSOR_DEFINITIONS = (
					"DEBUG=1",
					"$(inherited)",
				);
				GCC_WARN_64_TO_32_BIT_CONVERSION = YES;
				GCC_WARN_ABOUT_RETURN_TYPE = YES_ERROR;
				GCC_WARN_UNDECLARED_SELECTOR = YES;
				GCC_WARN_UNINITIALIZED_AUTOS = YES_AGGRESSIVE;
				GCC_WARN_UNUSED_FUNCTION = YES;
				GCC_WARN_UNUSED_VARIABLE = YES;
				IPHONEOS_DEPLOYMENT_TARGET = 15.0;
				MTL_ENABLE_DEBUG_INFO = INCLUDE_SOURCE;
				MTL_FAST_MATH = YES;
				ONLY_ACTIVE_ARCH = YES;
				SDKROOT = iphoneos;
				SWIFT_ACTIVE_COMPILATION_CONDITIONS = DEBUG;
				SWIFT_OPTIMIZATION_LEVEL = "-Onone";
			};
			name = Debug;
		};
		65C5304E2809A7BC001EAC85 /* Release */ = {
			isa = XCBuildConfiguration;
			buildSettings = {
				ALWAYS_SEARCH_USER_PATHS = NO;
				CLANG_ANALYZER_NONNULL = YES;
				CLANG_ANALYZER_NUMBER_OBJECT_CONVERSION = YES_AGGRESSIVE;
				CLANG_CXX_LANGUAGE_STANDARD = "gnu++17";
				CLANG_CXX_LIBRARY = "libc++";
				CLANG_ENABLE_MODULES = YES;
				CLANG_ENABLE_OBJC_ARC = YES;
				CLANG_ENABLE_OBJC_WEAK = YES;
				CLANG_WARN_BLOCK_CAPTURE_AUTORELEASING = YES;
				CLANG_WARN_BOOL_CONVERSION = YES;
				CLANG_WARN_COMMA = YES;
				CLANG_WARN_CONSTANT_CONVERSION = YES;
				CLANG_WARN_DEPRECATED_OBJC_IMPLEMENTATIONS = YES;
				CLANG_WARN_DIRECT_OBJC_ISA_USAGE = YES_ERROR;
				CLANG_WARN_DOCUMENTATION_COMMENTS = YES;
				CLANG_WARN_EMPTY_BODY = YES;
				CLANG_WARN_ENUM_CONVERSION = YES;
				CLANG_WARN_INFINITE_RECURSION = YES;
				CLANG_WARN_INT_CONVERSION = YES;
				CLANG_WARN_NON_LITERAL_NULL_CONVERSION = YES;
				CLANG_WARN_OBJC_IMPLICIT_RETAIN_SELF = YES;
				CLANG_WARN_OBJC_LITERAL_CONVERSION = YES;
				CLANG_WARN_OBJC_ROOT_CLASS = YES_ERROR;
				CLANG_WARN_QUOTED_INCLUDE_IN_FRAMEWORK_HEADER = YES;
				CLANG_WARN_RANGE_LOOP_ANALYSIS = YES;
				CLANG_WARN_STRICT_PROTOTYPES = YES;
				CLANG_WARN_SUSPICIOUS_MOVE = YES;
				CLANG_WARN_UNGUARDED_AVAILABILITY = YES_AGGRESSIVE;
				CLANG_WARN_UNREACHABLE_CODE = YES;
				CLANG_WARN__DUPLICATE_METHOD_MATCH = YES;
				COPY_PHASE_STRIP = NO;
				DEBUG_INFORMATION_FORMAT = "dwarf-with-dsym";
				ENABLE_NS_ASSERTIONS = NO;
				ENABLE_STRICT_OBJC_MSGSEND = YES;
				GCC_C_LANGUAGE_STANDARD = gnu11;
				GCC_NO_COMMON_BLOCKS = YES;
				GCC_WARN_64_TO_32_BIT_CONVERSION = YES;
				GCC_WARN_ABOUT_RETURN_TYPE = YES_ERROR;
				GCC_WARN_UNDECLARED_SELECTOR = YES;
				GCC_WARN_UNINITIALIZED_AUTOS = YES_AGGRESSIVE;
				GCC_WARN_UNUSED_FUNCTION = YES;
				GCC_WARN_UNUSED_VARIABLE = YES;
				IPHONEOS_DEPLOYMENT_TARGET = 15.0;
				MTL_ENABLE_DEBUG_INFO = NO;
				MTL_FAST_MATH = YES;
				SDKROOT = iphoneos;
				SWIFT_COMPILATION_MODE = wholemodule;
				SWIFT_OPTIMIZATION_LEVEL = "-O";
				VALIDATE_PRODUCT = YES;
			};
			name = Release;
		};
		65C530502809A7BC001EAC85 /* Debug */ = {
			isa = XCBuildConfiguration;
			buildSettings = {
				ASSETCATALOG_COMPILER_APPICON_NAME = AppIcon;
				ASSETCATALOG_COMPILER_GLOBAL_ACCENT_COLOR_NAME = AccentColor;
				CODE_SIGN_STYLE = Automatic;
				CURRENT_PROJECT_VERSION = 1;
				DEVELOPMENT_ASSET_PATHS = "\"CapstoneProject/Preview Content\"";
				DEVELOPMENT_TEAM = VJMY43HUWD;
				ENABLE_PREVIEWS = YES;
				GENERATE_INFOPLIST_FILE = YES;
				INFOPLIST_KEY_UIApplicationSceneManifest_Generation = YES;
				INFOPLIST_KEY_UIApplicationSupportsIndirectInputEvents = YES;
				INFOPLIST_KEY_UILaunchScreen_Generation = YES;
				INFOPLIST_KEY_UISupportedInterfaceOrientations_iPhone = UIInterfaceOrientationPortrait;
				IPHONEOS_DEPLOYMENT_TARGET = 15.0;
				LD_RUNPATH_SEARCH_PATHS = (
					"$(inherited)",
					"@executable_path/Frameworks",
				);
				MARKETING_VERSION = 1.0;
				PRODUCT_BUNDLE_IDENTIFIER = JWL.CapstoneProject;
				PRODUCT_NAME = "$(TARGET_NAME)";
				SWIFT_EMIT_LOC_STRINGS = YES;
				SWIFT_VERSION = 5.0;
				TARGETED_DEVICE_FAMILY = "1,2";
			};
			name = Debug;
		};
		65C530512809A7BC001EAC85 /* Release */ = {
			isa = XCBuildConfiguration;
			buildSettings = {
				ASSETCATALOG_COMPILER_APPICON_NAME = AppIcon;
				ASSETCATALOG_COMPILER_GLOBAL_ACCENT_COLOR_NAME = AccentColor;
				CODE_SIGN_STYLE = Automatic;
				CURRENT_PROJECT_VERSION = 1;
				DEVELOPMENT_ASSET_PATHS = "\"CapstoneProject/Preview Content\"";
				DEVELOPMENT_TEAM = VJMY43HUWD;
				ENABLE_PREVIEWS = YES;
				GENERATE_INFOPLIST_FILE = YES;
				INFOPLIST_KEY_UIApplicationSceneManifest_Generation = YES;
				INFOPLIST_KEY_UIApplicationSupportsIndirectInputEvents = YES;
				INFOPLIST_KEY_UILaunchScreen_Generation = YES;
				INFOPLIST_KEY_UISupportedInterfaceOrientations_iPhone = UIInterfaceOrientationPortrait;
				IPHONEOS_DEPLOYMENT_TARGET = 15.0;
				LD_RUNPATH_SEARCH_PATHS = (
					"$(inherited)",
					"@executable_path/Frameworks",
				);
				MARKETING_VERSION = 1.0;
				PRODUCT_BUNDLE_IDENTIFIER = JWL.CapstoneProject;
				PRODUCT_NAME = "$(TARGET_NAME)";
				SWIFT_EMIT_LOC_STRINGS = YES;
				SWIFT_VERSION = 5.0;
				TARGETED_DEVICE_FAMILY = "1,2";
			};
			name = Release;
		};
		65C530532809A7BC001EAC85 /* Debug */ = {
			isa = XCBuildConfiguration;
			buildSettings = {
				ALWAYS_EMBED_SWIFT_STANDARD_LIBRARIES = YES;
				BUNDLE_LOADER = "$(TEST_HOST)";
				CODE_SIGN_STYLE = Automatic;
				CURRENT_PROJECT_VERSION = 1;
				DEVELOPMENT_TEAM = VJMY43HUWD;
				GENERATE_INFOPLIST_FILE = YES;
				IPHONEOS_DEPLOYMENT_TARGET = 14.0;
				LD_RUNPATH_SEARCH_PATHS = (
					"$(inherited)",
					"@executable_path/Frameworks",
					"@loader_path/Frameworks",
				);
				MARKETING_VERSION = 1.0;
				PRODUCT_BUNDLE_IDENTIFIER = JWL.CapstoneProjectTests;
				PRODUCT_NAME = "$(TARGET_NAME)";
				SWIFT_EMIT_LOC_STRINGS = NO;
				SWIFT_VERSION = 5.0;
				TARGETED_DEVICE_FAMILY = "1,2";
				TEST_HOST = "$(BUILT_PRODUCTS_DIR)/CapstoneProject.app/CapstoneProject";
			};
			name = Debug;
		};
		65C530542809A7BC001EAC85 /* Release */ = {
			isa = XCBuildConfiguration;
			buildSettings = {
				ALWAYS_EMBED_SWIFT_STANDARD_LIBRARIES = YES;
				BUNDLE_LOADER = "$(TEST_HOST)";
				CODE_SIGN_STYLE = Automatic;
				CURRENT_PROJECT_VERSION = 1;
				DEVELOPMENT_TEAM = VJMY43HUWD;
				GENERATE_INFOPLIST_FILE = YES;
				IPHONEOS_DEPLOYMENT_TARGET = 14.0;
				LD_RUNPATH_SEARCH_PATHS = (
					"$(inherited)",
					"@executable_path/Frameworks",
					"@loader_path/Frameworks",
				);
				MARKETING_VERSION = 1.0;
				PRODUCT_BUNDLE_IDENTIFIER = JWL.CapstoneProjectTests;
				PRODUCT_NAME = "$(TARGET_NAME)";
				SWIFT_EMIT_LOC_STRINGS = NO;
				SWIFT_VERSION = 5.0;
				TARGETED_DEVICE_FAMILY = "1,2";
				TEST_HOST = "$(BUILT_PRODUCTS_DIR)/CapstoneProject.app/CapstoneProject";
			};
			name = Release;
		};
		65C530562809A7BC001EAC85 /* Debug */ = {
			isa = XCBuildConfiguration;
			buildSettings = {
				ALWAYS_EMBED_SWIFT_STANDARD_LIBRARIES = YES;
				CODE_SIGN_STYLE = Automatic;
				CURRENT_PROJECT_VERSION = 1;
				DEVELOPMENT_TEAM = VJMY43HUWD;
				GENERATE_INFOPLIST_FILE = YES;
				LD_RUNPATH_SEARCH_PATHS = (
					"$(inherited)",
					"@executable_path/Frameworks",
					"@loader_path/Frameworks",
				);
				MARKETING_VERSION = 1.0;
				PRODUCT_BUNDLE_IDENTIFIER = JWL.CapstoneProjectUITests;
				PRODUCT_NAME = "$(TARGET_NAME)";
				SWIFT_EMIT_LOC_STRINGS = NO;
				SWIFT_VERSION = 5.0;
				TARGETED_DEVICE_FAMILY = "1,2";
				TEST_TARGET_NAME = CapstoneProject;
			};
			name = Debug;
		};
		65C530572809A7BC001EAC85 /* Release */ = {
			isa = XCBuildConfiguration;
			buildSettings = {
				ALWAYS_EMBED_SWIFT_STANDARD_LIBRARIES = YES;
				CODE_SIGN_STYLE = Automatic;
				CURRENT_PROJECT_VERSION = 1;
				DEVELOPMENT_TEAM = VJMY43HUWD;
				GENERATE_INFOPLIST_FILE = YES;
				LD_RUNPATH_SEARCH_PATHS = (
					"$(inherited)",
					"@executable_path/Frameworks",
					"@loader_path/Frameworks",
				);
				MARKETING_VERSION = 1.0;
				PRODUCT_BUNDLE_IDENTIFIER = JWL.CapstoneProjectUITests;
				PRODUCT_NAME = "$(TARGET_NAME)";
				SWIFT_EMIT_LOC_STRINGS = NO;
				SWIFT_VERSION = 5.0;
				TARGETED_DEVICE_FAMILY = "1,2";
				TEST_TARGET_NAME = CapstoneProject;
			};
			name = Release;
		};
/* End XCBuildConfiguration section */

/* Begin XCConfigurationList section */
		65C530282809A7BA001EAC85 /* Build configuration list for PBXProject "CapstoneProject" */ = {
			isa = XCConfigurationList;
			buildConfigurations = (
				65C5304D2809A7BC001EAC85 /* Debug */,
				65C5304E2809A7BC001EAC85 /* Release */,
			);
			defaultConfigurationIsVisible = 0;
			defaultConfigurationName = Release;
		};
		65C5304F2809A7BC001EAC85 /* Build configuration list for PBXNativeTarget "CapstoneProject" */ = {
			isa = XCConfigurationList;
			buildConfigurations = (
				65C530502809A7BC001EAC85 /* Debug */,
				65C530512809A7BC001EAC85 /* Release */,
			);
			defaultConfigurationIsVisible = 0;
			defaultConfigurationName = Release;
		};
		65C530522809A7BC001EAC85 /* Build configuration list for PBXNativeTarget "CapstoneProjectTests" */ = {
			isa = XCConfigurationList;
			buildConfigurations = (
				65C530532809A7BC001EAC85 /* Debug */,
				65C530542809A7BC001EAC85 /* Release */,
			);
			defaultConfigurationIsVisible = 0;
			defaultConfigurationName = Release;
		};
		65C530552809A7BC001EAC85 /* Build configuration list for PBXNativeTarget "CapstoneProjectUITests" */ = {
			isa = XCConfigurationList;
			buildConfigurations = (
				65C530562809A7BC001EAC85 /* Debug */,
				65C530572809A7BC001EAC85 /* Release */,
			);
			defaultConfigurationIsVisible = 0;
			defaultConfigurationName = Release;
		};
/* End XCConfigurationList section */
	};
	rootObject = 65C530252809A7BA001EAC85 /* Project object */;
}
